# THIS IS AN AUTOGENERATED FILE. DO NOT EDIT THIS FILE DIRECTLY.
# yarn lockfile v1


zod@^3.22.2:
  version "3.22.2"
  resolved "https://registry.yarnpkg.com/zod/-/zod-3.22.2.tgz#3add8c682b7077c05ac6f979fea6998b573e157b"
  integrity sha512-wvWkphh5WQsJbVk1tbx1l1Ly4yg+XecD+Mq280uBGt9wa5BKSWf4Mhp6GmrkPixhMxmabYY7RbzlwVP32pbGCg==
